
Microsoft Visual Studio Solution File, Format Version 12.00
# Visual Studio Version 17
VisualStudioVersion = 17.5.33103.201
MinimumVisualStudioVersion = 10.0.40219.1
Project("{2150E333-8FDC-42A3-9474-1A3956D46DE8}") = "Day1", "Day1", "{FC2DC368-54D3-485B-B07A-B412F5ED31EA}"
EndProject
Project("{9A19103F-16F7-4668-BE54-9A1E7A4F7556}") = "Day1A", "Day1A\Day1A.csproj", "{EB2DCB19-F114-42E1-A7B5-EA40D80C1F04}"
EndProject
Project("{9A19103F-16F7-4668-BE54-9A1E7A4F7556}") = "Day1B", "Day1B\Day1B.csproj", "{61D8DCA8-FA11-4400-8145-1F3AF59A379A}"
EndProject
Project("{2150E333-8FDC-42A3-9474-1A3956D46DE8}") = "Day2", "Day2", "{27A493E8-BFDD-40EE-8D5B-846B5A503B4F}"
EndProject
Project("{9A19103F-16F7-4668-BE54-9A1E7A4F7556}") = "Day2A", "Day2A\Day2A.csproj", "{EDA7F133-CEB4-4882-822F-037910EBCA5E}"
EndProject
Project("{FAE04EC0-301F-11D3-BF4B-00C04F79EFBC}") = "Day2B", "Day2B\Day2B.csproj", "{FF1EDBB8-2673-45BD-B45D-D5CA671B342C}"
EndProject
Global
	GlobalSection(SolutionConfigurationPlatforms) = preSolution
		Debug|Any CPU = Debug|Any CPU
		Release|Any CPU = Release|Any CPU
	EndGlobalSection
	GlobalSection(ProjectConfigurationPlatforms) = postSolution
		{EB2DCB19-F114-42E1-A7B5-EA40D80C1F04}.Debug|Any CPU.ActiveCfg = Debug|Any CPU
		{EB2DCB19-F114-42E1-A7B5-EA40D80C1F04}.Debug|Any CPU.Build.0 = Debug|Any CPU
		{EB2DCB19-F114-42E1-A7B5-EA40D80C1F04}.Release|Any CPU.ActiveCfg = Release|Any CPU
		{EB2DCB19-F114-42E1-A7B5-EA40D80C1F04}.Release|Any CPU.Build.0 = Release|Any CPU
		{61D8DCA8-FA11-4400-8145-1F3AF59A379A}.Debug|Any CPU.ActiveCfg = Debug|Any CPU
		{61D8DCA8-FA11-4400-8145-1F3AF59A379A}.Debug|Any CPU.Build.0 = Debug|Any CPU
		{61D8DCA8-FA11-4400-8145-1F3AF59A379A}.Release|Any CPU.ActiveCfg = Release|Any CPU
		{61D8DCA8-FA11-4400-8145-1F3AF59A379A}.Release|Any CPU.Build.0 = Release|Any CPU
		{EDA7F133-CEB4-4882-822F-037910EBCA5E}.Debug|Any CPU.ActiveCfg = Debug|Any CPU
		{EDA7F133-CEB4-4882-822F-037910EBCA5E}.Debug|Any CPU.Build.0 = Debug|Any CPU
		{EDA7F133-CEB4-4882-822F-037910EBCA5E}.Release|Any CPU.ActiveCfg = Release|Any CPU
		{EDA7F133-CEB4-4882-822F-037910EBCA5E}.Release|Any CPU.Build.0 = Release|Any CPU
		{FF1EDBB8-2673-45BD-B45D-D5CA671B342C}.Debug|Any CPU.ActiveCfg = Debug|Any CPU
		{FF1EDBB8-2673-45BD-B45D-D5CA671B342C}.Debug|Any CPU.Build.0 = Debug|Any CPU
		{FF1EDBB8-2673-45BD-B45D-D5CA671B342C}.Release|Any CPU.ActiveCfg = Release|Any CPU
		{FF1EDBB8-2673-45BD-B45D-D5CA671B342C}.Release|Any CPU.Build.0 = Release|Any CPU
	EndGlobalSection
	GlobalSection(SolutionProperties) = preSolution
		HideSolutionNode = FALSE
	EndGlobalSection
	GlobalSection(NestedProjects) = preSolution
		{EB2DCB19-F114-42E1-A7B5-EA40D80C1F04} = {FC2DC368-54D3-485B-B07A-B412F5ED31EA}
		{61D8DCA8-FA11-4400-8145-1F3AF59A379A} = {FC2DC368-54D3-485B-B07A-B412F5ED31EA}
		{EDA7F133-CEB4-4882-822F-037910EBCA5E} = {27A493E8-BFDD-40EE-8D5B-846B5A503B4F}
		{FF1EDBB8-2673-45BD-B45D-D5CA671B342C} = {27A493E8-BFDD-40EE-8D5B-846B5A503B4F}
	EndGlobalSection
	GlobalSection(ExtensibilityGlobals) = postSolution
		SolutionGuid = {EDC9326D-5B94-4438-8758-4AC2B37684B6}
	EndGlobalSection
EndGlobal
